// !$*UTF8*$!
{
	archiveVersion = 1;
	classes = {
	};
	objectVersion = 50;
	objects = {

/* Begin PBXBuildFile section */
		FEDBACB0253098E000D86D43 /* HostController.swift in Sources */ = {isa = PBXBuildFile; fileRef = FEDBACAF253098E000D86D43 /* HostController.swift */; };
		FEDBACB22530991100D86D43 /* CShape.swift in Sources */ = {isa = PBXBuildFile; fileRef = FEDBACB12530991100D86D43 /* CShape.swift */; };
		FEDBACB52530997400D86D43 /* Travel.swift in Sources */ = {isa = PBXBuildFile; fileRef = FEDBACB42530997400D86D43 /* Travel.swift */; };
		FEDBACB7253099AA00D86D43 /* Carousel.swift in Sources */ = {isa = PBXBuildFile; fileRef = FEDBACB6253099AA00D86D43 /* Carousel.swift */; };
		FEDBACB925309A7300D86D43 /* HScrollView.swift in Sources */ = {isa = PBXBuildFile; fileRef = FEDBACB825309A7300D86D43 /* HScrollView.swift */; };
		FEDBACBB25309C6F00D86D43 /* ExpandView.swift in Sources */ = {isa = PBXBuildFile; fileRef = FEDBACBA25309C6F00D86D43 /* ExpandView.swift */; };
		FEDBACBD25309C8D00D86D43 /* Home.swift in Sources */ = {isa = PBXBuildFile; fileRef = FEDBACBC25309C8D00D86D43 /* Home.swift */; };
		FEE18E45253098900004D3A5 /* AppDelegate.swift in Sources */ = {isa = PBXBuildFile; fileRef = FEE18E44253098900004D3A5 /* AppDelegate.swift */; };
		FEE18E47253098900004D3A5 /* SceneDelegate.swift in Sources */ = {isa = PBXBuildFile; fileRef = FEE18E46253098900004D3A5 /* SceneDelegate.swift */; };
		FEE18E49253098900004D3A5 /* ContentView.swift in Sources */ = {isa = PBXBuildFile; fileRef = FEE18E48253098900004D3A5 /* ContentView.swift */; };
		FEE18E4B253098910004D3A5 /* Assets.xcassets in Resources */ = {isa = PBXBuildFile; fileRef = FEE18E4A253098910004D3A5 /* Assets.xcassets */; };
		FEE18E4E253098910004D3A5 /* Preview Assets.xcassets in Resources */ = {isa = PBXBuildFile; fileRef = FEE18E4D253098910004D3A5 /* Preview Assets.xcassets */; };
		FEE18E51253098910004D3A5 /* LaunchScreen.storyboard in Resources */ = {isa = PBXBuildFile; fileRef = FEE18E4F253098910004D3A5 /* LaunchScreen.storyboard */; };
/* End PBXBuildFile section */

/* Begin PBXFileReference section */
		FEDBACAF253098E000D86D43 /* HostController.swift */ = {isa = PBXFileReference; lastKnownFileType = sourcecode.swift; path = HostController.swift; sourceTree = "<group>"; };
		FEDBACB12530991100D86D43 /* CShape.swift */ = {isa = PBXFileReference; lastKnownFileType = sourcecode.swift; path = CShape.swift; sourceTree = "<group>"; };
		FEDBACB42530997400D86D43 /* Travel.swift */ = {isa = PBXFileReference; lastKnownFileType = sourcecode.swift; path = Travel.swift; sourceTree = "<group>"; };
		FEDBACB6253099AA00D86D43 /* Carousel.swift */ = {isa = PBXFileReference; lastKnownFileType = sourcecode.swift; path = Carousel.swift; sourceTree = "<group>"; };
		FEDBACB825309A7300D86D43 /* HScrollView.swift */ = {isa = PBXFileReference; lastKnownFileType = sourcecode.swift; path = HScrollView.swift; sourceTree = "<group>"; };
		FEDBACBA25309C6F00D86D43 /* ExpandView.swift */ = {isa = PBXFileReference; lastKnownFileType = sourcecode.swift; path = ExpandView.swift; sourceTree = "<group>"; };
		FEDBACBC25309C8D00D86D43 /* Home.swift */ = {isa = PBXFileReference; lastKnownFileType = sourcecode.swift; path = Home.swift; sourceTree = "<group>"; };
		FEE18E41253098900004D3A5 /* TravelAppSwiftUI.app */ = {isa = PBXFileReference; explicitFileType = wrapper.application; includeInIndex = 0; path = TravelAppSwiftUI.app; sourceTree = BUILT_PRODUCTS_DIR; };
		FEE18E44253098900004D3A5 /* AppDelegate.swift */ = {isa = PBXFileReference; lastKnownFileType = sourcecode.swift; path = AppDelegate.swift; sourceTree = "<group>"; };
		FEE18E46253098900004D3A5 /* SceneDelegate.swift */ = {isa = PBXFileReference; lastKnownFileType = sourcecode.swift; path = SceneDelegate.swift; sourceTree = "<group>"; };
		FEE18E48253098900004D3A5 /* ContentView.swift */ = {isa = PBXFileReference; lastKnownFileType = sourcecode.swift; path = ContentView.swift; sourceTree = "<group>"; };
		FEE18E4A253098910004D3A5 /* Assets.xcassets */ = {isa = PBXFileReference; lastKnownFileType = folder.assetcatalog; path = Assets.xcassets; sourceTree = "<group>"; };
		FEE18E4D253098910004D3A5 /* Preview Assets.xcassets */ = {isa = PBXFileReference; lastKnownFileType = folder.assetcatalog; path = "Preview Assets.xcassets"; sourceTree = "<group>"; };
		FEE18E50253098910004D3A5 /* Base */ = {isa = PBXFileReference; lastKnownFileType = file.storyboard; name = Base; path = Base.lproj/LaunchScreen.storyboard; sourceTree = "<group>"; };
		FEE18E52253098910004D3A5 /* Info.plist */ = {isa = PBXFileReference; lastKnownFileType = text.plist.xml; path = Info.plist; sourceTree = "<group>"; };
/* End PBXFileReference section */

/* Begin PBXFrameworksBuildPhase section */
		FEE18E3E253098900004D3A5 /* Frameworks */ = {
			isa = PBXFrameworksBuildPhase;
			buildActionMask = 2147483647;
			files = (
			);
			runOnlyForDeploymentPostprocessing = 0;
		};
/* End PBXFrameworksBuildPhase section */

/* Begin PBXGroup section */
		FEDBACB32530996A00D86D43 /* Models */ = {
			isa = PBXGroup;
			children = (
				FEDBACB42530997400D86D43 /* Travel.swift */,
			);
			path = Models;
			sourceTree = "<group>";
		};
		FEE18E38253098900004D3A5 = {
			isa = PBXGroup;
			children = (
				FEE18E43253098900004D3A5 /* TravelAppSwiftUI */,
				FEE18E42253098900004D3A5 /* Products */,
			);
			sourceTree = "<group>";
		};
		FEE18E42253098900004D3A5 /* Products */ = {
			isa = PBXGroup;
			children = (
				FEE18E41253098900004D3A5 /* TravelAppSwiftUI.app */,
			);
			name = Products;
			sourceTree = "<group>";
		};
		FEE18E43253098900004D3A5 /* TravelAppSwiftUI */ = {
			isa = PBXGroup;
			children = (
				FEE18E592530989A0004D3A5 /* Application */,
				FEDBACB32530996A00D86D43 /* Models */,
				FEE18E58253098970004D3A5 /* Views */,
				FEE18E4A253098910004D3A5 /* Assets.xcassets */,
				FEE18E4C253098910004D3A5 /* Preview Content */,
			);
			path = TravelAppSwiftUI;
			sourceTree = "<group>";
		};
		FEE18E4C253098910004D3A5 /* Preview Content */ = {
			isa = PBXGroup;
			children = (
				FEE18E4D253098910004D3A5 /* Preview Assets.xcassets */,
			);
			path = "Preview Content";
			sourceTree = "<group>";
		};
		FEE18E58253098970004D3A5 /* Views */ = {
			isa = PBXGroup;
			children = (
				FEE18E4F253098910004D3A5 /* LaunchScreen.storyboard */,
				FEE18E48253098900004D3A5 /* ContentView.swift */,
				FEDBACAF253098E000D86D43 /* HostController.swift */,
				FEDBACB12530991100D86D43 /* CShape.swift */,
				FEDBACB6253099AA00D86D43 /* Carousel.swift */,
				FEDBACB825309A7300D86D43 /* HScrollView.swift */,
				FEDBACBA25309C6F00D86D43 /* ExpandView.swift */,
				FEDBACBC25309C8D00D86D43 /* Home.swift */,
			);
			path = Views;
			sourceTree = "<group>";
		};
		FEE18E592530989A0004D3A5 /* Application */ = {
			isa = PBXGroup;
			children = (
				FEE18E44253098900004D3A5 /* AppDelegate.swift */,
				FEE18E46253098900004D3A5 /* SceneDelegate.swift */,
				FEE18E52253098910004D3A5 /* Info.plist */,
			);
			path = Application;
			sourceTree = "<group>";
		};
/* End PBXGroup section */

/* Begin PBXNativeTarget section */
		FEE18E40253098900004D3A5 /* TravelAppSwiftUI */ = {
			isa = PBXNativeTarget;
			buildConfigurationList = FEE18E55253098910004D3A5 /* Build configuration list for PBXNativeTarget "TravelAppSwiftUI" */;
			buildPhases = (
				FEE18E3D253098900004D3A5 /* Sources */,
				FEE18E3E253098900004D3A5 /* Frameworks */,
				FEE18E3F253098900004D3A5 /* Resources */,
			);
			buildRules = (
			);
			dependencies = (
			);
			name = TravelAppSwiftUI;
			productName = TravelAppSwiftUI;
			productReference = FEE18E41253098900004D3A5 /* TravelAppSwiftUI.app */;
			productType = "com.apple.product-type.application";
		};
/* End PBXNativeTarget section */

/* Begin PBXProject section */
		FEE18E39253098900004D3A5 /* Project object */ = {
			isa = PBXProject;
			attributes = {
				LastSwiftUpdateCheck = 1130;
				LastUpgradeCheck = 1130;
				ORGANIZATIONNAME = Tarokh;
				TargetAttributes = {
					FEE18E40253098900004D3A5 = {
						CreatedOnToolsVersion = 11.3.1;
					};
				};
			};
			buildConfigurationList = FEE18E3C253098900004D3A5 /* Build configuration list for PBXProject "TravelAppSwiftUI" */;
			compatibilityVersion = "Xcode 9.3";
			developmentRegion = en;
			hasScannedForEncodings = 0;
			knownRegions = (
				en,
				Base,
			);
			mainGroup = FEE18E38253098900004D3A5;
			productRefGroup = FEE18E42253098900004D3A5 /* Products */;
			projectDirPath = "";
			projectRoot = "";
			targets = (
				FEE18E40253098900004D3A5 /* TravelAppSwiftUI */,
			);
		};
/* End PBXProject section */

/* Begin PBXResourcesBuildPhase section */
		FEE18E3F253098900004D3A5 /* Resources */ = {
			isa = PBXResourcesBuildPhase;
			buildActionMask = 2147483647;
			files = (
				FEE18E51253098910004D3A5 /* LaunchScreen.storyboard in Resources */,
				FEE18E4E253098910004D3A5 /* Preview Assets.xcassets in Resources */,
				FEE18E4B253098910004D3A5 /* Assets.xcassets in Resources */,
			);
			runOnlyForDeploymentPostprocessing = 0;
		};
/* End PBXResourcesBuildPhase section */

/* Begin PBXSourcesBuildPhase section */
		FEE18E3D253098900004D3A5 /* Sources */ = {
			isa = PBXSourcesBuildPhase;
			buildActionMask = 2147483647;
			files = (
				FEE18E45253098900004D3A5 /* AppDelegate.swift in Sources */,
				FEDBACB0253098E000D86D43 /* HostController.swift in Sources */,
				FEDBACBD25309C8D00D86D43 /* Home.swift in Sources */,
				FEDBACB22530991100D86D43 /* CShape.swift in Sources */,
				FEDBACB52530997400D86D43 /* Travel.swift in Sources */,
				FEDBACB7253099AA00D86D43 /* Carousel.swift in Sources */,
				FEE18E47253098900004D3A5 /* SceneDelegate.swift in Sources */,
				FEDBACB925309A7300D86D43 /* HScrollView.swift in Sources */,
				FEE18E49253098900004D3A5 /* ContentView.swift in Sources */,
				FEDBACBB25309C6F00D86D43 /* ExpandView.swift in Sources */,
			);
			runOnlyForDeploymentPostprocessing = 0;
		};
/* End PBXSourcesBuildPhase section */

/* Begin PBXVariantGroup section */
		FEE18E4F253098910004D3A5 /* LaunchScreen.storyboard */ = {
			isa = PBXVariantGroup;
			children = (
				FEE18E50253098910004D3A5 /* Base */,
			);
			name = LaunchScreen.storyboard;
			sourceTree = "<group>";
		};
/* End PBXVariantGroup section */

/* Begin XCBuildConfiguration section */
		FEE18E53253098910004D3A5 /* Debug */ = {
			isa = XCBuildConfiguration;
			buildSettings = {
				ALWAYS_SEARCH_USER_PATHS = NO;
				CLANG_ANALYZER_NONNULL = YES;
				CLANG_ANALYZER_NUMBER_OBJECT_CONVERSION = YES_AGGRESSIVE;
				CLANG_CXX_LANGUAGE_STANDARD = "gnu++14";
				CLANG_CXX_LIBRARY = "libc++";
				CLANG_ENABLE_MODULES = YES;
				CLANG_ENABLE_OBJC_ARC = YES;
				CLANG_ENABLE_OBJC_WEAK = YES;
				CLANG_WARN_BLOCK_CAPTURE_AUTORELEASING = YES;
				CLANG_WARN_BOOL_CONVERSION = YES;
				CLANG_WARN_COMMA = YES;
				CLANG_WARN_CONSTANT_CONVERSION = YES;
				CLANG_WARN_DEPRECATED_OBJC_IMPLEMENTATIONS = YES;
				CLANG_WARN_DIRECT_OBJC_ISA_USAGE = YES_ERROR;
				CLANG_WARN_DOCUMENTATION_COMMENTS = YES;
				CLANG_WARN_EMPTY_BODY = YES;
				CLANG_WARN_ENUM_CONVERSION = YES;
				CLANG_WARN_INFINITE_RECURSION = YES;
				CLANG_WARN_INT_CONVERSION = YES;
				CLANG_WARN_NON_LITERAL_NULL_CONVERSION = YES;
				CLANG_WARN_OBJC_IMPLICIT_RETAIN_SELF = YES;
				CLANG_WARN_OBJC_LITERAL_CONVERSION = YES;
				CLANG_WARN_OBJC_ROOT_CLASS = YES_ERROR;
				CLANG_WARN_RANGE_LOOP_ANALYSIS = YES;
				CLANG_WARN_STRICT_PROTOTYPES = YES;
				CLANG_WARN_SUSPICIOUS_MOVE = YES;
				CLANG_WARN_UNGUARDED_AVAILABILITY = YES_AGGRESSIVE;
				CLANG_WARN_UNREACHABLE_CODE = YES;
				CLANG_WARN__DUPLICATE_METHOD_MATCH = YES;
				COPY_PHASE_STRIP = NO;
				DEBUG_INFORMATION_FORMAT = dwarf;
				ENABLE_STRICT_OBJC_MSGSEND = YES;
				ENABLE_TESTABILITY = YES;
				GCC_C_LANGUAGE_STANDARD = gnu11;
				GCC_DYNAMIC_NO_PIC = NO;
				GCC_NO_COMMON_BLOCKS = YES;
				GCC_OPTIMIZATION_LEVEL = 0;
				GCC_PREPROCESSOR_DEFINITIONS = (
					"DEBUG=1",
					"$(inherited)",
				);
				GCC_WARN_64_TO_32_BIT_CONVERSION = YES;
				GCC_WARN_ABOUT_RETURN_TYPE = YES_ERROR;
				GCC_WARN_UNDECLARED_SELECTOR = YES;
				GCC_WARN_UNINITIALIZED_AUTOS = YES_AGGRESSIVE;
				GCC_WARN_UNUSED_FUNCTION = YES;
				GCC_WARN_UNUSED_VARIABLE = YES;
				IPHONEOS_DEPLOYMENT_TARGET = 13.2;
				MTL_ENABLE_DEBUG_INFO = INCLUDE_SOURCE;
				MTL_FAST_MATH = YES;
				ONLY_ACTIVE_ARCH = YES;
				SDKROOT = iphoneos;
				SWIFT_ACTIVE_COMPILATION_CONDITIONS = DEBUG;
				SWIFT_OPTIMIZATION_LEVEL = "-Onone";
			};
			name = Debug;
		};
		FEE18E54253098910004D3A5 /* Release */ = {
			isa = XCBuildConfiguration;
			buildSettings = {
				ALWAYS_SEARCH_USER_PATHS = NO;
				CLANG_ANALYZER_NONNULL = YES;
				CLANG_ANALYZER_NUMBER_OBJECT_CONVERSION = YES_AGGRESSIVE;
				CLANG_CXX_LANGUAGE_STANDARD = "gnu++14";
				CLANG_CXX_LIBRARY = "libc++";
				CLANG_ENABLE_MODULES = YES;
				CLANG_ENABLE_OBJC_ARC = YES;
				CLANG_ENABLE_OBJC_WEAK = YES;
				CLANG_WARN_BLOCK_CAPTURE_AUTORELEASING = YES;
				CLANG_WARN_BOOL_CONVERSION = YES;
				CLANG_WARN_COMMA = YES;
				CLANG_WARN_CONSTANT_CONVERSION = YES;
				CLANG_WARN_DEPRECATED_OBJC_IMPLEMENTATIONS = YES;
				CLANG_WARN_DIRECT_OBJC_ISA_USAGE = YES_ERROR;
				CLANG_WARN_DOCUMENTATION_COMMENTS = YES;
				CLANG_WARN_EMPTY_BODY = YES;
				CLANG_WARN_ENUM_CONVERSION = YES;
				CLANG_WARN_INFINITE_RECURSION = YES;
				CLANG_WARN_INT_CONVERSION = YES;
				CLANG_WARN_NON_LITERAL_NULL_CONVERSION = YES;
				CLANG_WARN_OBJC_IMPLICIT_RETAIN_SELF = YES;
				CLANG_WARN_OBJC_LITERAL_CONVERSION = YES;
				CLANG_WARN_OBJC_ROOT_CLASS = YES_ERROR;
				CLANG_WARN_RANGE_LOOP_ANALYSIS = YES;
				CLANG_WARN_STRICT_PROTOTYPES = YES;
				CLANG_WARN_SUSPICIOUS_MOVE = YES;
				CLANG_WARN_UNGUARDED_AVAILABILITY = YES_AGGRESSIVE;
				CLANG_WARN_UNREACHABLE_CODE = YES;
				CLANG_WARN__DUPLICATE_METHOD_MATCH = YES;
				COPY_PHASE_STRIP = NO;
				DEBUG_INFORMATION_FORMAT = "dwarf-with-dsym";
				ENABLE_NS_ASSERTIONS = NO;
				ENABLE_STRICT_OBJC_MSGSEND = YES;
				GCC_C_LANGUAGE_STANDARD = gnu11;
				GCC_NO_COMMON_BLOCKS = YES;
				GCC_WARN_64_TO_32_BIT_CONVERSION = YES;
				GCC_WARN_ABOUT_RETURN_TYPE = YES_ERROR;
				GCC_WARN_UNDECLARED_SELECTOR = YES;
				GCC_WARN_UNINITIALIZED_AUTOS = YES_AGGRESSIVE;
				GCC_WARN_UNUSED_FUNCTION = YES;
				GCC_WARN_UNUSED_VARIABLE = YES;
				IPHONEOS_DEPLOYMENT_TARGET = 13.2;
				MTL_ENABLE_DEBUG_INFO = NO;
				MTL_FAST_MATH = YES;
				SDKROOT = iphoneos;
				SWIFT_COMPILATION_MODE = wholemodule;
				SWIFT_OPTIMIZATION_LEVEL = "-O";
				VALIDATE_PRODUCT = YES;
			};
			name = Release;
		};
		FEE18E56253098910004D3A5 /* Debug */ = {
			isa = XCBuildConfiguration;
			buildSettings = {
				ASSETCATALOG_COMPILER_APPICON_NAME = AppIcon;
				CODE_SIGN_STYLE = Automatic;
				DEVELOPMENT_ASSET_PATHS = "\"TravelAppSwiftUI/Preview Content\"";
				DEVELOPMENT_TEAM = BCBPPBQAT3;
				ENABLE_PREVIEWS = YES;
				INFOPLIST_FILE = "$(SRCROOT)/TravelAppSwiftUI/Application/Info.plist";
				LD_RUNPATH_SEARCH_PATHS = (
					"$(inherited)",
					"@executable_path/Frameworks",
				);
				PRODUCT_BUNDLE_IDENTIFIER = TAROKH.TravelAppSwiftUI;
				PRODUCT_NAME = "$(TARGET_NAME)";
				SWIFT_VERSION = 5.0;
				TARGETED_DEVICE_FAMILY = "1,2";
			};
			name = Debug;
		};
		FEE18E57253098910004D3A5 /* Release */ = {
			isa = XCBuildConfiguration;
			buildSettings = {
				ASSETCATALOG_COMPILER_APPICON_NAME = AppIcon;
				CODE_SIGN_STYLE = Automatic;
				DEVELOPMENT_ASSET_PATHS = "\"TravelAppSwiftUI/Preview Content\"";
				DEVELOPMENT_TEAM = BCBPPBQAT3;
				ENABLE_PREVIEWS = YES;
				INFOPLIST_FILE = "$(SRCROOT)/TravelAppSwiftUI/Application/Info.plist";
				LD_RUNPATH_SEARCH_PATHS = (
					"$(inherited)",
					"@executable_path/Frameworks",
				);
				PRODUCT_BUNDLE_IDENTIFIER = TAROKH.TravelAppSwiftUI;
				PRODUCT_NAME = "$(TARGET_NAME)";
				SWIFT_VERSION = 5.0;
				TARGETED_DEVICE_FAMILY = "1,2";
			};
			name = Release;
		};
/* End XCBuildConfiguration section */

/* Begin XCConfigurationList section */
		FEE18E3C253098900004D3A5 /* Build configuration list for PBXProject "TravelAppSwiftUI" */ = {
			isa = XCConfigurationList;
			buildConfigurations = (
				FEE18E53253098910004D3A5 /* Debug */,
				FEE18E54253098910004D3A5 /* Release */,
			);
			defaultConfigurationIsVisible = 0;
			defaultConfigurationName = Release;
		};
		FEE18E55253098910004D3A5 /* Build configuration list for PBXNativeTarget "TravelAppSwiftUI" */ = {
			isa = XCConfigurationList;
			buildConfigurations = (
				FEE18E56253098910004D3A5 /* Debug */,
				FEE18E57253098910004D3A5 /* Release */,
			);
			defaultConfigurationIsVisible = 0;
			defaultConfigurationName = Release;
		};
/* End XCConfigurationList section */
	};
	rootObject = FEE18E39253098900004D3A5 /* Project object */;
}
